
Microsoft Visual Studio Solution File, Format Version 12.00
# Visual Studio 2013
VisualStudioVersion = 12.0.21005.1
MinimumVisualStudioVersion = 10.0.40219.1
Project("{FAE04EC0-301F-11D3-BF4B-00C04F79EFBC}") = "N2_Exercicio01", "N2_Exercicio01\N2_Exercicio01.csproj", "{585DEB64-A21F-448C-8CE2-CD04816404EB}"
EndProject
Project("{FAE04EC0-301F-11D3-BF4B-00C04F79EFBC}") = "N2_Exercicio02", "N2_Exercicio02\N2_Exercicio02.csproj", "{EF08326F-56EB-4DC4-85DA-79FA41DCE33A}"
EndProject
Global
	GlobalSection(SolutionConfigurationPlatforms) = preSolution
		Debug|Any CPU = Debug|Any CPU
		Release|Any CPU = Release|Any CPU
	EndGlobalSection
	GlobalSection(ProjectConfigurationPlatforms) = postSolution
		{585DEB64-A21F-448C-8CE2-CD04816404EB}.Debug|Any CPU.ActiveCfg = Debug|Any CPU
		{585DEB64-A21F-448C-8CE2-CD04816404EB}.Debug|Any CPU.Build.0 = Debug|Any CPU
		{585DEB64-A21F-448C-8CE2-CD04816404EB}.Release|Any CPU.ActiveCfg = Release|Any CPU
		{585DEB64-A21F-448C-8CE2-CD04816404EB}.Release|Any CPU.Build.0 = Release|Any CPU
		{EF08326F-56EB-4DC4-85DA-79FA41DCE33A}.Debug|Any CPU.ActiveCfg = Debug|Any CPU
		{EF08326F-56EB-4DC4-85DA-79FA41DCE33A}.Debug|Any CPU.Build.0 = Debug|Any CPU
		{EF08326F-56EB-4DC4-85DA-79FA41DCE33A}.Release|Any CPU.ActiveCfg = Release|Any CPU
		{EF08326F-56EB-4DC4-85DA-79FA41DCE33A}.Release|Any CPU.Build.0 = Release|Any CPU
	EndGlobalSection
	GlobalSection(SolutionProperties) = preSolution
		HideSolutionNode = FALSE
	EndGlobalSection
EndGlobal
