
Microsoft Visual Studio Solution File, Format Version 12.00
# Visual Studio 2012
Project("{FAE04EC0-301F-11D3-BF4B-00C04F79EFBC}") = "JogoCartas21.Console", "JogoCartas21.Console\JogoCartas21.Console.csproj", "{995F8F29-4FCE-46A1-A97C-BC5B8E56915D}"
EndProject
Project("{FAE04EC0-301F-11D3-BF4B-00C04F79EFBC}") = "JogoCartas21.Core", "JogoCartas21.Core\JogoCartas21.Core.csproj", "{90688BD0-D08C-4A63-8AE3-C2C0AFD12987}"
EndProject
Global
	GlobalSection(SolutionConfigurationPlatforms) = preSolution
		Debug|Any CPU = Debug|Any CPU
		Release|Any CPU = Release|Any CPU
	EndGlobalSection
	GlobalSection(ProjectConfigurationPlatforms) = postSolution
		{995F8F29-4FCE-46A1-A97C-BC5B8E56915D}.Debug|Any CPU.ActiveCfg = Debug|Any CPU
		{995F8F29-4FCE-46A1-A97C-BC5B8E56915D}.Debug|Any CPU.Build.0 = Debug|Any CPU
		{995F8F29-4FCE-46A1-A97C-BC5B8E56915D}.Release|Any CPU.ActiveCfg = Release|Any CPU
		{995F8F29-4FCE-46A1-A97C-BC5B8E56915D}.Release|Any CPU.Build.0 = Release|Any CPU
		{90688BD0-D08C-4A63-8AE3-C2C0AFD12987}.Debug|Any CPU.ActiveCfg = Debug|Any CPU
		{90688BD0-D08C-4A63-8AE3-C2C0AFD12987}.Debug|Any CPU.Build.0 = Debug|Any CPU
		{90688BD0-D08C-4A63-8AE3-C2C0AFD12987}.Release|Any CPU.ActiveCfg = Release|Any CPU
		{90688BD0-D08C-4A63-8AE3-C2C0AFD12987}.Release|Any CPU.Build.0 = Release|Any CPU
	EndGlobalSection
	GlobalSection(SolutionProperties) = preSolution
		HideSolutionNode = FALSE
	EndGlobalSection
EndGlobal
