
Microsoft Visual Studio Solution File, Format Version 12.00
# Visual Studio 14
VisualStudioVersion = 14.0.25420.1
MinimumVisualStudioVersion = 10.0.40219.1
Project("{2150E333-8FDC-42A3-9474-1A3956D46DE8}") = "Aplicacao", "Aplicacao", "{833D634E-7E4A-4FFB-98D5-603FDC729D5E}"
EndProject
Project("{FAE04EC0-301F-11D3-BF4B-00C04F79EFBC}") = "SmartOutlet.Service", "SmartOutlet.Service\SmartOutlet.Service.csproj", "{154C15F8-ACBE-45D2-9A1E-2ECCCD01360E}"
EndProject
Project("{FAE04EC0-301F-11D3-BF4B-00C04F79EFBC}") = "SmartOutlet.Outlet", "SmartOutlet.Outlet\SmartOutlet.Outlet.csproj", "{8DD470C0-DCDC-4660-9395-6170ABF4CF66}"
EndProject
Project("{FAE04EC0-301F-11D3-BF4B-00C04F79EFBC}") = "SmartOutlet.Outlet.Tests", "SmartOutlet.Outlet.Tests\SmartOutlet.Outlet.Tests.csproj", "{17BC745A-55BC-4E14-9819-634EF02644C9}"
EndProject
Project("{2150E333-8FDC-42A3-9474-1A3956D46DE8}") = "Tests", "Tests", "{A928EB39-9049-4835-BCCE-DAFCF33BFECE}"
EndProject
Global
	GlobalSection(SolutionConfigurationPlatforms) = preSolution
		Debug|Any CPU = Debug|Any CPU
		Release|Any CPU = Release|Any CPU
	EndGlobalSection
	GlobalSection(ProjectConfigurationPlatforms) = postSolution
		{154C15F8-ACBE-45D2-9A1E-2ECCCD01360E}.Debug|Any CPU.ActiveCfg = Debug|Any CPU
		{154C15F8-ACBE-45D2-9A1E-2ECCCD01360E}.Debug|Any CPU.Build.0 = Debug|Any CPU
		{154C15F8-ACBE-45D2-9A1E-2ECCCD01360E}.Release|Any CPU.ActiveCfg = Release|Any CPU
		{154C15F8-ACBE-45D2-9A1E-2ECCCD01360E}.Release|Any CPU.Build.0 = Release|Any CPU
		{8DD470C0-DCDC-4660-9395-6170ABF4CF66}.Debug|Any CPU.ActiveCfg = Debug|Any CPU
		{8DD470C0-DCDC-4660-9395-6170ABF4CF66}.Debug|Any CPU.Build.0 = Debug|Any CPU
		{8DD470C0-DCDC-4660-9395-6170ABF4CF66}.Release|Any CPU.ActiveCfg = Release|Any CPU
		{8DD470C0-DCDC-4660-9395-6170ABF4CF66}.Release|Any CPU.Build.0 = Release|Any CPU
		{17BC745A-55BC-4E14-9819-634EF02644C9}.Debug|Any CPU.ActiveCfg = Debug|Any CPU
		{17BC745A-55BC-4E14-9819-634EF02644C9}.Debug|Any CPU.Build.0 = Debug|Any CPU
		{17BC745A-55BC-4E14-9819-634EF02644C9}.Release|Any CPU.ActiveCfg = Release|Any CPU
		{17BC745A-55BC-4E14-9819-634EF02644C9}.Release|Any CPU.Build.0 = Release|Any CPU
	EndGlobalSection
	GlobalSection(SolutionProperties) = preSolution
		HideSolutionNode = FALSE
	EndGlobalSection
	GlobalSection(NestedProjects) = preSolution
		{154C15F8-ACBE-45D2-9A1E-2ECCCD01360E} = {833D634E-7E4A-4FFB-98D5-603FDC729D5E}
		{8DD470C0-DCDC-4660-9395-6170ABF4CF66} = {833D634E-7E4A-4FFB-98D5-603FDC729D5E}
		{17BC745A-55BC-4E14-9819-634EF02644C9} = {A928EB39-9049-4835-BCCE-DAFCF33BFECE}
	EndGlobalSection
EndGlobal
