
Microsoft Visual Studio Solution File, Format Version 12.00
# Visual Studio 2013
VisualStudioVersion = 12.0.21005.1
MinimumVisualStudioVersion = 10.0.40219.1
Project("{FAE04EC0-301F-11D3-BF4B-00C04F79EFBC}") = "Dominio", "source\Dominio\Dominio.csproj", "{5BC042F1-DF3E-4584-8698-D172AB81B9B0}"
EndProject
Project("{FAE04EC0-301F-11D3-BF4B-00C04F79EFBC}") = "ApresentacaoNancy", "source\ApresentacaoNancy\ApresentacaoNancy.csproj", "{6B597C47-D20A-4BD3-9941-08E27B64616A}"
EndProject
Project("{FAE04EC0-301F-11D3-BF4B-00C04F79EFBC}") = "Core", "source\Core\Core.csproj", "{36A603EE-8DF6-4977-B33B-B6A029C5DD38}"
EndProject
Global
	GlobalSection(SolutionConfigurationPlatforms) = preSolution
		Debug|Any CPU = Debug|Any CPU
		Release|Any CPU = Release|Any CPU
	EndGlobalSection
	GlobalSection(ProjectConfigurationPlatforms) = postSolution
		{5BC042F1-DF3E-4584-8698-D172AB81B9B0}.Debug|Any CPU.ActiveCfg = Debug|Any CPU
		{5BC042F1-DF3E-4584-8698-D172AB81B9B0}.Debug|Any CPU.Build.0 = Debug|Any CPU
		{5BC042F1-DF3E-4584-8698-D172AB81B9B0}.Release|Any CPU.ActiveCfg = Release|Any CPU
		{5BC042F1-DF3E-4584-8698-D172AB81B9B0}.Release|Any CPU.Build.0 = Release|Any CPU
		{6B597C47-D20A-4BD3-9941-08E27B64616A}.Debug|Any CPU.ActiveCfg = Debug|Any CPU
		{6B597C47-D20A-4BD3-9941-08E27B64616A}.Debug|Any CPU.Build.0 = Debug|Any CPU
		{6B597C47-D20A-4BD3-9941-08E27B64616A}.Release|Any CPU.ActiveCfg = Release|Any CPU
		{6B597C47-D20A-4BD3-9941-08E27B64616A}.Release|Any CPU.Build.0 = Release|Any CPU
		{36A603EE-8DF6-4977-B33B-B6A029C5DD38}.Debug|Any CPU.ActiveCfg = Debug|Any CPU
		{36A603EE-8DF6-4977-B33B-B6A029C5DD38}.Debug|Any CPU.Build.0 = Debug|Any CPU
		{36A603EE-8DF6-4977-B33B-B6A029C5DD38}.Release|Any CPU.ActiveCfg = Release|Any CPU
		{36A603EE-8DF6-4977-B33B-B6A029C5DD38}.Release|Any CPU.Build.0 = Release|Any CPU
	EndGlobalSection
	GlobalSection(SolutionProperties) = preSolution
		HideSolutionNode = FALSE
	EndGlobalSection
EndGlobal
