
Microsoft Visual Studio Solution File, Format Version 11.00
# Visual Studio 2010
Project("{FAE04EC0-301F-11D3-BF4B-00C04F79EFBC}") = "L1211B09", "FilasTrabalho\L1211B09.csproj", "{AB49679B-12E6-4FC6-A957-87833FA12FDF}"
EndProject
Global
	GlobalSection(SolutionConfigurationPlatforms) = preSolution
		Debug|x86 = Debug|x86
		Release|x86 = Release|x86
	EndGlobalSection
	GlobalSection(ProjectConfigurationPlatforms) = postSolution
		{AB49679B-12E6-4FC6-A957-87833FA12FDF}.Debug|x86.ActiveCfg = Debug|x86
		{AB49679B-12E6-4FC6-A957-87833FA12FDF}.Debug|x86.Build.0 = Debug|x86
		{AB49679B-12E6-4FC6-A957-87833FA12FDF}.Release|x86.ActiveCfg = Release|x86
		{AB49679B-12E6-4FC6-A957-87833FA12FDF}.Release|x86.Build.0 = Release|x86
	EndGlobalSection
	GlobalSection(SolutionProperties) = preSolution
		HideSolutionNode = FALSE
	EndGlobalSection
EndGlobal
